
Microsoft Visual Studio Solution File, Format Version 12.00
# Visual Studio Version 17
VisualStudioVersion = 17.3.32825.248
MinimumVisualStudioVersion = 10.0.40219.1
Project("{FAE04EC0-301F-11D3-BF4B-00C04F79EFBC}") = "Exec2_Message", "Exec2_Message\Exec2_Message.csproj", "{64732931-5EFF-4C61-BF79-2BA68D088678}"
EndProject
Project("{FAE04EC0-301F-11D3-BF4B-00C04F79EFBC}") = "Exec2_Message_greeting_with_messagebox", "Exec2_Message_greeting_with_messagebox\Exec2_Message_greeting_with_messagebox.csproj", "{EE19F831-2B9F-48E0-9AD1-687989380435}"
EndProject
Project("{FAE04EC0-301F-11D3-BF4B-00C04F79EFBC}") = "Exec2_Message_label_in_2lines", "Exec2_Message_label_in_2lines\Exec2_Message_label_in_2lines.csproj", "{28074BA9-8539-4381-9E77-16ECDAA943D4}"
EndProject
Global
	GlobalSection(SolutionConfigurationPlatforms) = preSolution
		Debug|Any CPU = Debug|Any CPU
		Release|Any CPU = Release|Any CPU
	EndGlobalSection
	GlobalSection(ProjectConfigurationPlatforms) = postSolution
		{64732931-5EFF-4C61-BF79-2BA68D088678}.Debug|Any CPU.ActiveCfg = Debug|Any CPU
		{64732931-5EFF-4C61-BF79-2BA68D088678}.Debug|Any CPU.Build.0 = Debug|Any CPU
		{64732931-5EFF-4C61-BF79-2BA68D088678}.Release|Any CPU.ActiveCfg = Release|Any CPU
		{64732931-5EFF-4C61-BF79-2BA68D088678}.Release|Any CPU.Build.0 = Release|Any CPU
		{EE19F831-2B9F-48E0-9AD1-687989380435}.Debug|Any CPU.ActiveCfg = Debug|Any CPU
		{EE19F831-2B9F-48E0-9AD1-687989380435}.Debug|Any CPU.Build.0 = Debug|Any CPU
		{EE19F831-2B9F-48E0-9AD1-687989380435}.Release|Any CPU.ActiveCfg = Release|Any CPU
		{EE19F831-2B9F-48E0-9AD1-687989380435}.Release|Any CPU.Build.0 = Release|Any CPU
		{28074BA9-8539-4381-9E77-16ECDAA943D4}.Debug|Any CPU.ActiveCfg = Debug|Any CPU
		{28074BA9-8539-4381-9E77-16ECDAA943D4}.Debug|Any CPU.Build.0 = Debug|Any CPU
		{28074BA9-8539-4381-9E77-16ECDAA943D4}.Release|Any CPU.ActiveCfg = Release|Any CPU
		{28074BA9-8539-4381-9E77-16ECDAA943D4}.Release|Any CPU.Build.0 = Release|Any CPU
	EndGlobalSection
	GlobalSection(SolutionProperties) = preSolution
		HideSolutionNode = FALSE
	EndGlobalSection
	GlobalSection(ExtensibilityGlobals) = postSolution
		SolutionGuid = {9E8B6634-1B09-4761-A375-487E334F7919}
	EndGlobalSection
EndGlobal
